
Microsoft Visual Studio Solution File, Format Version 12.00
# Visual Studio Version 16
VisualStudioVersion = 16.0.31105.61
MinimumVisualStudioVersion = 10.0.40219.1
Project("{9A19103F-16F7-4668-BE54-9A1E7A4F7556}") = "Pra.Bibliotheek.Wpf", "Pra.Bibliotheek.Wpf\Pra.Bibliotheek.Wpf.csproj", "{F07B2AEB-D56F-472B-8EC5-11A0A4FD698D}"
EndProject
Project("{FAE04EC0-301F-11D3-BF4B-00C04F79EFBC}") = "Pra.Bibliotheek.Core", "Pra.Bibliotheek.Core\Pra.Bibliotheek.Core.csproj", "{C0ED945A-B6D5-4441-8902-3093B3822991}"
EndProject
Global
	GlobalSection(SolutionConfigurationPlatforms) = preSolution
		Debug|Any CPU = Debug|Any CPU
		Release|Any CPU = Release|Any CPU
	EndGlobalSection
	GlobalSection(ProjectConfigurationPlatforms) = postSolution
		{F07B2AEB-D56F-472B-8EC5-11A0A4FD698D}.Debug|Any CPU.ActiveCfg = Debug|Any CPU
		{F07B2AEB-D56F-472B-8EC5-11A0A4FD698D}.Debug|Any CPU.Build.0 = Debug|Any CPU
		{F07B2AEB-D56F-472B-8EC5-11A0A4FD698D}.Release|Any CPU.ActiveCfg = Release|Any CPU
		{F07B2AEB-D56F-472B-8EC5-11A0A4FD698D}.Release|Any CPU.Build.0 = Release|Any CPU
		{C0ED945A-B6D5-4441-8902-3093B3822991}.Debug|Any CPU.ActiveCfg = Debug|Any CPU
		{C0ED945A-B6D5-4441-8902-3093B3822991}.Debug|Any CPU.Build.0 = Debug|Any CPU
		{C0ED945A-B6D5-4441-8902-3093B3822991}.Release|Any CPU.ActiveCfg = Release|Any CPU
		{C0ED945A-B6D5-4441-8902-3093B3822991}.Release|Any CPU.Build.0 = Release|Any CPU
	EndGlobalSection
	GlobalSection(SolutionProperties) = preSolution
		HideSolutionNode = FALSE
	EndGlobalSection
	GlobalSection(ExtensibilityGlobals) = postSolution
		SolutionGuid = {45C0B5CA-967F-4DA8-9F7E-BBCF43B9977C}
	EndGlobalSection
EndGlobal
